
Microsoft Visual Studio Solution File, Format Version 12.00
# Visual Studio Version 16
VisualStudioVersion = 16.0.31424.327
MinimumVisualStudioVersion = 10.0.40219.1
Project("{FAE04EC0-301F-11D3-BF4B-00C04F79EFBC}") = "ThreeFiveSevenGame", "ThreeFiveSevenGame\ThreeFiveSevenGame.csproj", "{04733ADC-7F23-4C31-9EDD-1EA31877AB77}"
EndProject
Project("{54435603-DBB4-11D2-8724-00A0C9A8B90C}") = "357Game", "357Game\357Game.vdproj", "{D9124DCD-A55F-40A7-8127-1ACECDBC2061}"
EndProject
Global
	GlobalSection(SolutionConfigurationPlatforms) = preSolution
		Debug|Any CPU = Debug|Any CPU
		Release|Any CPU = Release|Any CPU
	EndGlobalSection
	GlobalSection(ProjectConfigurationPlatforms) = postSolution
		{04733ADC-7F23-4C31-9EDD-1EA31877AB77}.Debug|Any CPU.ActiveCfg = Debug|Any CPU
		{04733ADC-7F23-4C31-9EDD-1EA31877AB77}.Debug|Any CPU.Build.0 = Debug|Any CPU
		{04733ADC-7F23-4C31-9EDD-1EA31877AB77}.Release|Any CPU.ActiveCfg = Release|Any CPU
		{04733ADC-7F23-4C31-9EDD-1EA31877AB77}.Release|Any CPU.Build.0 = Release|Any CPU
		{D9124DCD-A55F-40A7-8127-1ACECDBC2061}.Debug|Any CPU.ActiveCfg = Debug
		{D9124DCD-A55F-40A7-8127-1ACECDBC2061}.Release|Any CPU.ActiveCfg = Release
	EndGlobalSection
	GlobalSection(SolutionProperties) = preSolution
		HideSolutionNode = FALSE
	EndGlobalSection
	GlobalSection(ExtensibilityGlobals) = postSolution
		SolutionGuid = {15FC4037-6E22-4D4F-ACF0-A61295539398}
	EndGlobalSection
EndGlobal
